
Microsoft Visual Studio Solution File, Format Version 12.00
Project("{FAE04EC0-301F-11D3-BF4B-00C04F79EFBC}") = "Timespace.Api", "src\Timespace.Api\Timespace.Api.csproj", "{9F9700ED-807C-478C-B571-BB1A156F7D5D}"
EndProject
Project("{2150E333-8FDC-42A3-9474-1A3956D46DE8}") = ".root", ".root", "{2AD21D15-5D01-45CA-B1D6-A452C0ED35D7}"
	ProjectSection(SolutionItems) = preProject
		docker-compose.yml = docker-compose.yml
		.editorconfig = .editorconfig
		.gitignore = .gitignore
		Directory.Packages.props = Directory.Packages.props
		Directory.Build.props = Directory.Build.props
		BannedSymbols.txt = BannedSymbols.txt
	EndProjectSection
EndProject
Project("{2150E333-8FDC-42A3-9474-1A3956D46DE8}") = "src", "src", "{F2A8B2CF-5F06-4DE7-B8D4-74301F1289F9}"
EndProject
Project("{2150E333-8FDC-42A3-9474-1A3956D46DE8}") = "tests", "tests", "{733C01DF-A533-4E72-A5A8-8B5562E63353}"
EndProject
Project("{FAE04EC0-301F-11D3-BF4B-00C04F79EFBC}") = "Timespace.SourceGenerators", "src\Timespace.SourceGenerators\Timespace.SourceGenerators\Timespace.SourceGenerators.csproj", "{C29FE429-F755-41B7-951C-7F43E2444FBC}"
EndProject
Global
	GlobalSection(SolutionConfigurationPlatforms) = preSolution
		Debug|Any CPU = Debug|Any CPU
		Release|Any CPU = Release|Any CPU
	EndGlobalSection
	GlobalSection(ProjectConfigurationPlatforms) = postSolution
		{9F9700ED-807C-478C-B571-BB1A156F7D5D}.Debug|Any CPU.ActiveCfg = Debug|Any CPU
		{9F9700ED-807C-478C-B571-BB1A156F7D5D}.Debug|Any CPU.Build.0 = Debug|Any CPU
		{9F9700ED-807C-478C-B571-BB1A156F7D5D}.Release|Any CPU.ActiveCfg = Release|Any CPU
		{9F9700ED-807C-478C-B571-BB1A156F7D5D}.Release|Any CPU.Build.0 = Release|Any CPU
		{C29FE429-F755-41B7-951C-7F43E2444FBC}.Debug|Any CPU.ActiveCfg = Debug|Any CPU
		{C29FE429-F755-41B7-951C-7F43E2444FBC}.Debug|Any CPU.Build.0 = Debug|Any CPU
		{C29FE429-F755-41B7-951C-7F43E2444FBC}.Release|Any CPU.ActiveCfg = Release|Any CPU
		{C29FE429-F755-41B7-951C-7F43E2444FBC}.Release|Any CPU.Build.0 = Release|Any CPU
	EndGlobalSection
	GlobalSection(NestedProjects) = preSolution
		{9F9700ED-807C-478C-B571-BB1A156F7D5D} = {F2A8B2CF-5F06-4DE7-B8D4-74301F1289F9}
		{C29FE429-F755-41B7-951C-7F43E2444FBC} = {F2A8B2CF-5F06-4DE7-B8D4-74301F1289F9}
	EndGlobalSection
EndGlobal
